
Microsoft Visual Studio Solution File, Format Version 12.00
Project("{FAE04EC0-301F-11D3-BF4B-00C04F79EFBC}") = "VBkg.TgClientBot.Listener", "VBkg.TgClientBot.Listener\VBkg.TgClientBot.Listener.csproj", "{F70F3407-716B-4C18-B4C1-3759BF606A22}"
EndProject
Project("{FAE04EC0-301F-11D3-BF4B-00C04F79EFBC}") = "VBkg.TgClientBot.Worker", "VBkg.TgClientBot.Worker\VBkg.TgClientBot.Worker.csproj", "{FD65F1FD-07AD-4B24-91FD-50CE2C4AB3B9}"
EndProject
Project("{2150E333-8FDC-42A3-9474-1A3956D46DE8}") = "Hosts", "Hosts", "{FCA951BD-AC12-4240-8F2E-BE81F1E93BD2}"
EndProject
Project("{2150E333-8FDC-42A3-9474-1A3956D46DE8}") = "Core", "Core", "{8D29DD3E-E2C3-4D7A-A82A-015B9383C4E9}"
EndProject
Project("{FAE04EC0-301F-11D3-BF4B-00C04F79EFBC}") = "VBkg.TgClientBot.Core", "VBkg.TgClientBot.Core\VBkg.TgClientBot.Core.csproj", "{CF38B8A7-5048-4292-9DEB-8953A9D806D0}"
EndProject
Project("{FAE04EC0-301F-11D3-BF4B-00C04F79EFBC}") = "VBkg.TgClientBot.Data", "VBkg.TgClientBot.Data\VBkg.TgClientBot.Data.csproj", "{DB20EA5C-3385-4337-BD13-102D91B9DEA2}"
EndProject
Project("{FAE04EC0-301F-11D3-BF4B-00C04F79EFBC}") = "VBkg.TgClientBot.Resources", "VBkg.TgClientBot.Resources\VBkg.TgClientBot.Resources.csproj", "{9939F9D9-122A-4ABE-8F30-897CB1E3D66A}"
EndProject
Project("{2150E333-8FDC-42A3-9474-1A3956D46DE8}") = "External", "External", "{9E279F9A-34FE-45AA-B58A-95A3E0073391}"
EndProject
Project("{FAE04EC0-301F-11D3-BF4B-00C04F79EFBC}") = "VBkg.External.BackgroundRemover", "VBkg.External.BackgroundRemover\VBkg.External.BackgroundRemover.csproj", "{FE89F59B-C08B-42F2-B40C-C28F9C5BD7AC}"
EndProject
Project("{FAE04EC0-301F-11D3-BF4B-00C04F79EFBC}") = "VBkg.External.Server", "VBkg.External.Server\VBkg.External.Server.csproj", "{606E07F1-2576-4D88-B5D8-C3C44051F709}"
EndProject
Global
	GlobalSection(SolutionConfigurationPlatforms) = preSolution
		Debug|Any CPU = Debug|Any CPU
		Release|Any CPU = Release|Any CPU
	EndGlobalSection
	GlobalSection(ProjectConfigurationPlatforms) = postSolution
		{F70F3407-716B-4C18-B4C1-3759BF606A22}.Debug|Any CPU.ActiveCfg = Debug|Any CPU
		{F70F3407-716B-4C18-B4C1-3759BF606A22}.Debug|Any CPU.Build.0 = Debug|Any CPU
		{F70F3407-716B-4C18-B4C1-3759BF606A22}.Release|Any CPU.ActiveCfg = Release|Any CPU
		{F70F3407-716B-4C18-B4C1-3759BF606A22}.Release|Any CPU.Build.0 = Release|Any CPU
		{FD65F1FD-07AD-4B24-91FD-50CE2C4AB3B9}.Debug|Any CPU.ActiveCfg = Debug|Any CPU
		{FD65F1FD-07AD-4B24-91FD-50CE2C4AB3B9}.Debug|Any CPU.Build.0 = Debug|Any CPU
		{FD65F1FD-07AD-4B24-91FD-50CE2C4AB3B9}.Release|Any CPU.ActiveCfg = Release|Any CPU
		{FD65F1FD-07AD-4B24-91FD-50CE2C4AB3B9}.Release|Any CPU.Build.0 = Release|Any CPU
		{CF38B8A7-5048-4292-9DEB-8953A9D806D0}.Debug|Any CPU.ActiveCfg = Debug|Any CPU
		{CF38B8A7-5048-4292-9DEB-8953A9D806D0}.Debug|Any CPU.Build.0 = Debug|Any CPU
		{CF38B8A7-5048-4292-9DEB-8953A9D806D0}.Release|Any CPU.ActiveCfg = Release|Any CPU
		{CF38B8A7-5048-4292-9DEB-8953A9D806D0}.Release|Any CPU.Build.0 = Release|Any CPU
		{DB20EA5C-3385-4337-BD13-102D91B9DEA2}.Debug|Any CPU.ActiveCfg = Debug|Any CPU
		{DB20EA5C-3385-4337-BD13-102D91B9DEA2}.Debug|Any CPU.Build.0 = Debug|Any CPU
		{DB20EA5C-3385-4337-BD13-102D91B9DEA2}.Release|Any CPU.ActiveCfg = Release|Any CPU
		{DB20EA5C-3385-4337-BD13-102D91B9DEA2}.Release|Any CPU.Build.0 = Release|Any CPU
		{9939F9D9-122A-4ABE-8F30-897CB1E3D66A}.Debug|Any CPU.ActiveCfg = Debug|Any CPU
		{9939F9D9-122A-4ABE-8F30-897CB1E3D66A}.Debug|Any CPU.Build.0 = Debug|Any CPU
		{9939F9D9-122A-4ABE-8F30-897CB1E3D66A}.Release|Any CPU.ActiveCfg = Release|Any CPU
		{9939F9D9-122A-4ABE-8F30-897CB1E3D66A}.Release|Any CPU.Build.0 = Release|Any CPU
		{FE89F59B-C08B-42F2-B40C-C28F9C5BD7AC}.Debug|Any CPU.ActiveCfg = Debug|Any CPU
		{FE89F59B-C08B-42F2-B40C-C28F9C5BD7AC}.Debug|Any CPU.Build.0 = Debug|Any CPU
		{FE89F59B-C08B-42F2-B40C-C28F9C5BD7AC}.Release|Any CPU.ActiveCfg = Release|Any CPU
		{FE89F59B-C08B-42F2-B40C-C28F9C5BD7AC}.Release|Any CPU.Build.0 = Release|Any CPU
		{606E07F1-2576-4D88-B5D8-C3C44051F709}.Debug|Any CPU.ActiveCfg = Debug|Any CPU
		{606E07F1-2576-4D88-B5D8-C3C44051F709}.Debug|Any CPU.Build.0 = Debug|Any CPU
		{606E07F1-2576-4D88-B5D8-C3C44051F709}.Release|Any CPU.ActiveCfg = Release|Any CPU
		{606E07F1-2576-4D88-B5D8-C3C44051F709}.Release|Any CPU.Build.0 = Release|Any CPU
	EndGlobalSection
	GlobalSection(NestedProjects) = preSolution
		{F70F3407-716B-4C18-B4C1-3759BF606A22} = {FCA951BD-AC12-4240-8F2E-BE81F1E93BD2}
		{FD65F1FD-07AD-4B24-91FD-50CE2C4AB3B9} = {FCA951BD-AC12-4240-8F2E-BE81F1E93BD2}
		{CF38B8A7-5048-4292-9DEB-8953A9D806D0} = {8D29DD3E-E2C3-4D7A-A82A-015B9383C4E9}
		{DB20EA5C-3385-4337-BD13-102D91B9DEA2} = {8D29DD3E-E2C3-4D7A-A82A-015B9383C4E9}
		{9939F9D9-122A-4ABE-8F30-897CB1E3D66A} = {8D29DD3E-E2C3-4D7A-A82A-015B9383C4E9}
		{FE89F59B-C08B-42F2-B40C-C28F9C5BD7AC} = {9E279F9A-34FE-45AA-B58A-95A3E0073391}
		{606E07F1-2576-4D88-B5D8-C3C44051F709} = {9E279F9A-34FE-45AA-B58A-95A3E0073391}
	EndGlobalSection
EndGlobal
